
Microsoft Visual Studio Solution File, Format Version 12.00
# Visual Studio Version 17
VisualStudioVersion = 17.5.33402.96
MinimumVisualStudioVersion = 10.0.40219.1
Project("{9A19103F-16F7-4668-BE54-9A1E7A4F7556}") = "Sphere10.AutoMouse.Windows", "Sphere10.AutoMouse.Windows\Sphere10.AutoMouse.Windows.csproj", "{D75836CD-0FD3-4547-8DCB-D493664867A4}"
EndProject
Project("{2150E333-8FDC-42A3-9474-1A3956D46DE8}") = "Resources", "Resources", "{63DED3DA-C4A0-48B1-AE0D-9A7E930935F1}"
EndProject
Project("{2150E333-8FDC-42A3-9474-1A3956D46DE8}") = "Icons", "Icons", "{4CBA1370-5B2D-496F-BCCC-21A53374D0CD}"
	ProjectSection(SolutionItems) = preProject
		Resources\Icons\MouseLeftButton.ico = Resources\Icons\MouseLeftButton.ico
		Resources\Icons\MouseMiddleButton.ico = Resources\Icons\MouseMiddleButton.ico
		Resources\Icons\MouseNoButton.ico = Resources\Icons\MouseNoButton.ico
		Resources\Icons\MouseRightButton.ico = Resources\Icons\MouseRightButton.ico
	EndProjectSection
EndProject
Project("{2150E333-8FDC-42A3-9474-1A3956D46DE8}") = "Images", "Images", "{91327DFE-ED3A-4B21-B93A-0FD0F0FFE544}"
	ProjectSection(SolutionItems) = preProject
		Resources\Images\MouseLMRSettingsAid.png = Resources\Images\MouseLMRSettingsAid.png
		Resources\Images\Sphere10_16x16x32.png = Resources\Images\Sphere10_16x16x32.png
	EndProjectSection
EndProject
Project("{2150E333-8FDC-42A3-9474-1A3956D46DE8}") = "Sounds", "Sounds", "{A35B8FBA-CFE2-42F2-BFD3-EC76DBB12B7A}"
	ProjectSection(SolutionItems) = preProject
		Resources\Sounds\Click.wav = Resources\Sounds\Click.wav
		Resources\Sounds\LeftClickDown.wav = Resources\Sounds\LeftClickDown.wav
		Resources\Sounds\LeftClickUp.wav = Resources\Sounds\LeftClickUp.wav
		Resources\Sounds\RightClickDown.wav = Resources\Sounds\RightClickDown.wav
		Resources\Sounds\RightClickUp.wav = Resources\Sounds\RightClickUp.wav
	EndProjectSection
EndProject
Project("{2150E333-8FDC-42A3-9474-1A3956D46DE8}") = "Help", "Help", "{ACCE0B4B-D38C-4FC0-9A74-40C82971953D}"
EndProject
Project("{2150E333-8FDC-42A3-9474-1A3956D46DE8}") = "1.0", "1.0", "{AAB296BA-1517-4A00-A79C-646687CF4502}"
	ProjectSection(SolutionItems) = preProject
		Resources\Help\1.0\Auto Mouse WIN.gui = Resources\Help\1.0\Auto Mouse WIN.gui
		Resources\Help\1.0\Auto Mouse.pdf = Resources\Help\1.0\Auto Mouse.pdf
		Resources\Help\1.0\Auto Mouse.rtf = Resources\Help\1.0\Auto Mouse.rtf
		Resources\Help\1.0\AutoMouse.chm = Resources\Help\1.0\AutoMouse.chm
		Resources\Help\1.0\HelpBanner.pdn = Resources\Help\1.0\HelpBanner.pdn
		Resources\Help\1.0\HelpBanner1_0.jpg = Resources\Help\1.0\HelpBanner1_0.jpg
		Resources\Help\1.0\Icon_128x128x32.png = Resources\Help\1.0\Icon_128x128x32.png
	EndProjectSection
EndProject
Project("{2150E333-8FDC-42A3-9474-1A3956D46DE8}") = "Solution Items", "Solution Items", "{B02DA97B-807D-45BF-A93A-6D3574852936}"
	ProjectSection(SolutionItems) = preProject
		AutoMouse WIN_Release_x86.obproj = AutoMouse WIN_Release_x86.obproj
	EndProjectSection
EndProject
Project("{2150E333-8FDC-42A3-9474-1A3956D46DE8}") = "License", "License", "{555CBB83-421C-4B54-82C4-1796D53DE976}"
	ProjectSection(SolutionItems) = preProject
		Resources\License\DA.rtf = Resources\License\DA.rtf
		Resources\License\EULA.rtf = Resources\License\EULA.rtf
	EndProjectSection
EndProject
Project("{9A19103F-16F7-4668-BE54-9A1E7A4F7556}") = "Hydrogen", "..\Hydrogen\src\Hydrogen\Hydrogen.csproj", "{9A4B88EB-7DB5-4C18-A4BF-B24F56403624}"
EndProject
Project("{9A19103F-16F7-4668-BE54-9A1E7A4F7556}") = "Hydrogen.Application", "..\Hydrogen\src\Hydrogen.Application\Hydrogen.Application.csproj", "{F56512BE-53DB-459A-886D-F2B274BE84BD}"
EndProject
Project("{9A19103F-16F7-4668-BE54-9A1E7A4F7556}") = "Hydrogen.Data", "..\Hydrogen\src\Hydrogen.Data\Hydrogen.Data.csproj", "{C24563FF-D839-4D40-9CFA-F23964A7191E}"
EndProject
Project("{9A19103F-16F7-4668-BE54-9A1E7A4F7556}") = "Hydrogen.Drawing", "..\Hydrogen\src\Hydrogen.Drawing\Hydrogen.Drawing.csproj", "{F78B2359-AE3D-464C-9CE3-44DA0E4C489B}"
EndProject
Project("{9A19103F-16F7-4668-BE54-9A1E7A4F7556}") = "Hydrogen.Windows", "..\Hydrogen\src\Hydrogen.Windows\Hydrogen.Windows.csproj", "{78137D86-69B9-4EBD-8F91-AEEF8AFC2218}"
EndProject
Project("{9A19103F-16F7-4668-BE54-9A1E7A4F7556}") = "Hydrogen.Windows.Forms", "..\Hydrogen\src\Hydrogen.Windows.Forms\Hydrogen.Windows.Forms.csproj", "{290A4E0A-1A37-4766-B805-A2F46319B055}"
EndProject
Global
	GlobalSection(SolutionConfigurationPlatforms) = preSolution
		All|Any CPU = All|Any CPU
		All|Mixed Platforms = All|Mixed Platforms
		Debug|Any CPU = Debug|Any CPU
		Debug|Mixed Platforms = Debug|Mixed Platforms
		Release|Any CPU = Release|Any CPU
		Release|Mixed Platforms = Release|Mixed Platforms
	EndGlobalSection
	GlobalSection(ProjectConfigurationPlatforms) = postSolution
		{D75836CD-0FD3-4547-8DCB-D493664867A4}.All|Any CPU.ActiveCfg = Release|x86
		{D75836CD-0FD3-4547-8DCB-D493664867A4}.All|Mixed Platforms.ActiveCfg = Release|x86
		{D75836CD-0FD3-4547-8DCB-D493664867A4}.All|Mixed Platforms.Build.0 = Release|x86
		{D75836CD-0FD3-4547-8DCB-D493664867A4}.Debug|Any CPU.ActiveCfg = Debug|Any CPU
		{D75836CD-0FD3-4547-8DCB-D493664867A4}.Debug|Any CPU.Build.0 = Debug|Any CPU
		{D75836CD-0FD3-4547-8DCB-D493664867A4}.Debug|Mixed Platforms.ActiveCfg = Debug|Any CPU
		{D75836CD-0FD3-4547-8DCB-D493664867A4}.Debug|Mixed Platforms.Build.0 = Debug|Any CPU
		{D75836CD-0FD3-4547-8DCB-D493664867A4}.Release|Any CPU.ActiveCfg = Release|Any CPU
		{D75836CD-0FD3-4547-8DCB-D493664867A4}.Release|Any CPU.Build.0 = Release|Any CPU
		{D75836CD-0FD3-4547-8DCB-D493664867A4}.Release|Mixed Platforms.ActiveCfg = Release|Any CPU
		{D75836CD-0FD3-4547-8DCB-D493664867A4}.Release|Mixed Platforms.Build.0 = Release|Any CPU
		{9A4B88EB-7DB5-4C18-A4BF-B24F56403624}.All|Any CPU.ActiveCfg = Debug|Any CPU
		{9A4B88EB-7DB5-4C18-A4BF-B24F56403624}.All|Any CPU.Build.0 = Debug|Any CPU
		{9A4B88EB-7DB5-4C18-A4BF-B24F56403624}.All|Mixed Platforms.ActiveCfg = Debug|Any CPU
		{9A4B88EB-7DB5-4C18-A4BF-B24F56403624}.All|Mixed Platforms.Build.0 = Debug|Any CPU
		{9A4B88EB-7DB5-4C18-A4BF-B24F56403624}.Debug|Any CPU.ActiveCfg = Debug|Any CPU
		{9A4B88EB-7DB5-4C18-A4BF-B24F56403624}.Debug|Any CPU.Build.0 = Debug|Any CPU
		{9A4B88EB-7DB5-4C18-A4BF-B24F56403624}.Debug|Mixed Platforms.ActiveCfg = Debug|Any CPU
		{9A4B88EB-7DB5-4C18-A4BF-B24F56403624}.Debug|Mixed Platforms.Build.0 = Debug|Any CPU
		{9A4B88EB-7DB5-4C18-A4BF-B24F56403624}.Release|Any CPU.ActiveCfg = Release|Any CPU
		{9A4B88EB-7DB5-4C18-A4BF-B24F56403624}.Release|Any CPU.Build.0 = Release|Any CPU
		{9A4B88EB-7DB5-4C18-A4BF-B24F56403624}.Release|Mixed Platforms.ActiveCfg = Release|Any CPU
		{9A4B88EB-7DB5-4C18-A4BF-B24F56403624}.Release|Mixed Platforms.Build.0 = Release|Any CPU
		{F56512BE-53DB-459A-886D-F2B274BE84BD}.All|Any CPU.ActiveCfg = Debug|Any CPU
		{F56512BE-53DB-459A-886D-F2B274BE84BD}.All|Any CPU.Build.0 = Debug|Any CPU
		{F56512BE-53DB-459A-886D-F2B274BE84BD}.All|Mixed Platforms.ActiveCfg = Debug|Any CPU
		{F56512BE-53DB-459A-886D-F2B274BE84BD}.All|Mixed Platforms.Build.0 = Debug|Any CPU
		{F56512BE-53DB-459A-886D-F2B274BE84BD}.Debug|Any CPU.ActiveCfg = Debug|Any CPU
		{F56512BE-53DB-459A-886D-F2B274BE84BD}.Debug|Any CPU.Build.0 = Debug|Any CPU
		{F56512BE-53DB-459A-886D-F2B274BE84BD}.Debug|Mixed Platforms.ActiveCfg = Debug|Any CPU
		{F56512BE-53DB-459A-886D-F2B274BE84BD}.Debug|Mixed Platforms.Build.0 = Debug|Any CPU
		{F56512BE-53DB-459A-886D-F2B274BE84BD}.Release|Any CPU.ActiveCfg = Release|Any CPU
		{F56512BE-53DB-459A-886D-F2B274BE84BD}.Release|Any CPU.Build.0 = Release|Any CPU
		{F56512BE-53DB-459A-886D-F2B274BE84BD}.Release|Mixed Platforms.ActiveCfg = Release|Any CPU
		{F56512BE-53DB-459A-886D-F2B274BE84BD}.Release|Mixed Platforms.Build.0 = Release|Any CPU
		{C24563FF-D839-4D40-9CFA-F23964A7191E}.All|Any CPU.ActiveCfg = Debug|Any CPU
		{C24563FF-D839-4D40-9CFA-F23964A7191E}.All|Any CPU.Build.0 = Debug|Any CPU
		{C24563FF-D839-4D40-9CFA-F23964A7191E}.All|Mixed Platforms.ActiveCfg = Debug|Any CPU
		{C24563FF-D839-4D40-9CFA-F23964A7191E}.All|Mixed Platforms.Build.0 = Debug|Any CPU
		{C24563FF-D839-4D40-9CFA-F23964A7191E}.Debug|Any CPU.ActiveCfg = Debug|Any CPU
		{C24563FF-D839-4D40-9CFA-F23964A7191E}.Debug|Any CPU.Build.0 = Debug|Any CPU
		{C24563FF-D839-4D40-9CFA-F23964A7191E}.Debug|Mixed Platforms.ActiveCfg = Debug|Any CPU
		{C24563FF-D839-4D40-9CFA-F23964A7191E}.Debug|Mixed Platforms.Build.0 = Debug|Any CPU
		{C24563FF-D839-4D40-9CFA-F23964A7191E}.Release|Any CPU.ActiveCfg = Release|Any CPU
		{C24563FF-D839-4D40-9CFA-F23964A7191E}.Release|Any CPU.Build.0 = Release|Any CPU
		{C24563FF-D839-4D40-9CFA-F23964A7191E}.Release|Mixed Platforms.ActiveCfg = Release|Any CPU
		{C24563FF-D839-4D40-9CFA-F23964A7191E}.Release|Mixed Platforms.Build.0 = Release|Any CPU
		{F78B2359-AE3D-464C-9CE3-44DA0E4C489B}.All|Any CPU.ActiveCfg = Debug|Any CPU
		{F78B2359-AE3D-464C-9CE3-44DA0E4C489B}.All|Any CPU.Build.0 = Debug|Any CPU
		{F78B2359-AE3D-464C-9CE3-44DA0E4C489B}.All|Mixed Platforms.ActiveCfg = Debug|Any CPU
		{F78B2359-AE3D-464C-9CE3-44DA0E4C489B}.All|Mixed Platforms.Build.0 = Debug|Any CPU
		{F78B2359-AE3D-464C-9CE3-44DA0E4C489B}.Debug|Any CPU.ActiveCfg = Debug|Any CPU
		{F78B2359-AE3D-464C-9CE3-44DA0E4C489B}.Debug|Any CPU.Build.0 = Debug|Any CPU
		{F78B2359-AE3D-464C-9CE3-44DA0E4C489B}.Debug|Mixed Platforms.ActiveCfg = Debug|Any CPU
		{F78B2359-AE3D-464C-9CE3-44DA0E4C489B}.Debug|Mixed Platforms.Build.0 = Debug|Any CPU
		{F78B2359-AE3D-464C-9CE3-44DA0E4C489B}.Release|Any CPU.ActiveCfg = Release|Any CPU
		{F78B2359-AE3D-464C-9CE3-44DA0E4C489B}.Release|Any CPU.Build.0 = Release|Any CPU
		{F78B2359-AE3D-464C-9CE3-44DA0E4C489B}.Release|Mixed Platforms.ActiveCfg = Release|Any CPU
		{F78B2359-AE3D-464C-9CE3-44DA0E4C489B}.Release|Mixed Platforms.Build.0 = Release|Any CPU
		{78137D86-69B9-4EBD-8F91-AEEF8AFC2218}.All|Any CPU.ActiveCfg = Debug|Any CPU
		{78137D86-69B9-4EBD-8F91-AEEF8AFC2218}.All|Any CPU.Build.0 = Debug|Any CPU
		{78137D86-69B9-4EBD-8F91-AEEF8AFC2218}.All|Mixed Platforms.ActiveCfg = Debug|Any CPU
		{78137D86-69B9-4EBD-8F91-AEEF8AFC2218}.All|Mixed Platforms.Build.0 = Debug|Any CPU
		{78137D86-69B9-4EBD-8F91-AEEF8AFC2218}.Debug|Any CPU.ActiveCfg = Debug|Any CPU
		{78137D86-69B9-4EBD-8F91-AEEF8AFC2218}.Debug|Any CPU.Build.0 = Debug|Any CPU
		{78137D86-69B9-4EBD-8F91-AEEF8AFC2218}.Debug|Mixed Platforms.ActiveCfg = Debug|Any CPU
		{78137D86-69B9-4EBD-8F91-AEEF8AFC2218}.Debug|Mixed Platforms.Build.0 = Debug|Any CPU
		{78137D86-69B9-4EBD-8F91-AEEF8AFC2218}.Release|Any CPU.ActiveCfg = Release|Any CPU
		{78137D86-69B9-4EBD-8F91-AEEF8AFC2218}.Release|Any CPU.Build.0 = Release|Any CPU
		{78137D86-69B9-4EBD-8F91-AEEF8AFC2218}.Release|Mixed Platforms.ActiveCfg = Release|Any CPU
		{78137D86-69B9-4EBD-8F91-AEEF8AFC2218}.Release|Mixed Platforms.Build.0 = Release|Any CPU
		{290A4E0A-1A37-4766-B805-A2F46319B055}.All|Any CPU.ActiveCfg = Debug|Any CPU
		{290A4E0A-1A37-4766-B805-A2F46319B055}.All|Any CPU.Build.0 = Debug|Any CPU
		{290A4E0A-1A37-4766-B805-A2F46319B055}.All|Mixed Platforms.ActiveCfg = Debug|Any CPU
		{290A4E0A-1A37-4766-B805-A2F46319B055}.All|Mixed Platforms.Build.0 = Debug|Any CPU
		{290A4E0A-1A37-4766-B805-A2F46319B055}.Debug|Any CPU.ActiveCfg = Debug|Any CPU
		{290A4E0A-1A37-4766-B805-A2F46319B055}.Debug|Any CPU.Build.0 = Debug|Any CPU
		{290A4E0A-1A37-4766-B805-A2F46319B055}.Debug|Mixed Platforms.ActiveCfg = Debug|Any CPU
		{290A4E0A-1A37-4766-B805-A2F46319B055}.Debug|Mixed Platforms.Build.0 = Debug|Any CPU
		{290A4E0A-1A37-4766-B805-A2F46319B055}.Release|Any CPU.ActiveCfg = Release|Any CPU
		{290A4E0A-1A37-4766-B805-A2F46319B055}.Release|Any CPU.Build.0 = Release|Any CPU
		{290A4E0A-1A37-4766-B805-A2F46319B055}.Release|Mixed Platforms.ActiveCfg = Release|Any CPU
		{290A4E0A-1A37-4766-B805-A2F46319B055}.Release|Mixed Platforms.Build.0 = Release|Any CPU
	EndGlobalSection
	GlobalSection(SolutionProperties) = preSolution
		HideSolutionNode = FALSE
	EndGlobalSection
	GlobalSection(NestedProjects) = preSolution
		{63DED3DA-C4A0-48B1-AE0D-9A7E930935F1} = {B02DA97B-807D-45BF-A93A-6D3574852936}
		{4CBA1370-5B2D-496F-BCCC-21A53374D0CD} = {63DED3DA-C4A0-48B1-AE0D-9A7E930935F1}
		{91327DFE-ED3A-4B21-B93A-0FD0F0FFE544} = {63DED3DA-C4A0-48B1-AE0D-9A7E930935F1}
		{A35B8FBA-CFE2-42F2-BFD3-EC76DBB12B7A} = {63DED3DA-C4A0-48B1-AE0D-9A7E930935F1}
		{ACCE0B4B-D38C-4FC0-9A74-40C82971953D} = {63DED3DA-C4A0-48B1-AE0D-9A7E930935F1}
		{AAB296BA-1517-4A00-A79C-646687CF4502} = {ACCE0B4B-D38C-4FC0-9A74-40C82971953D}
		{555CBB83-421C-4B54-82C4-1796D53DE976} = {63DED3DA-C4A0-48B1-AE0D-9A7E930935F1}
	EndGlobalSection
	GlobalSection(ExtensibilityGlobals) = postSolution
		SolutionGuid = {A24DCAEF-0E44-4816-9FC8-87EB1447FC38}
	EndGlobalSection
	GlobalSection(SubversionScc) = preSolution
		Svn-Managed = True
		Manager = AnkhSVN - Subversion Support for Visual Studio
	EndGlobalSection
EndGlobal
