
Microsoft Visual Studio Solution File, Format Version 12.00
# Visual Studio Version 17
VisualStudioVersion = 17.5.33402.96
MinimumVisualStudioVersion = 10.0.40219.1
Project("{9A19103F-16F7-4668-BE54-9A1E7A4F7556}") = "AutoMouse.Windows", "AutoMouse.Windows\AutoMouse.Windows.csproj", "{D75836CD-0FD3-4547-8DCB-D493664867A4}"
EndProject
Project("{2150E333-8FDC-42A3-9474-1A3956D46DE8}") = "Resources", "Resources", "{63DED3DA-C4A0-48B1-AE0D-9A7E930935F1}"
EndProject
Project("{2150E333-8FDC-42A3-9474-1A3956D46DE8}") = "Icons", "Icons", "{4CBA1370-5B2D-496F-BCCC-21A53374D0CD}"
	ProjectSection(SolutionItems) = preProject
		Resources\Icons\MouseLeftButton.ico = Resources\Icons\MouseLeftButton.ico
		Resources\Icons\MouseMiddleButton.ico = Resources\Icons\MouseMiddleButton.ico
		Resources\Icons\MouseNoButton.ico = Resources\Icons\MouseNoButton.ico
		Resources\Icons\MouseRightButton.ico = Resources\Icons\MouseRightButton.ico
	EndProjectSection
EndProject
Project("{2150E333-8FDC-42A3-9474-1A3956D46DE8}") = "Images", "Images", "{91327DFE-ED3A-4B21-B93A-0FD0F0FFE544}"
	ProjectSection(SolutionItems) = preProject
		Resources\Images\MouseLMRSettingsAid.png = Resources\Images\MouseLMRSettingsAid.png
		Resources\Images\Sphere10_16x16x32.png = Resources\Images\Sphere10_16x16x32.png
	EndProjectSection
EndProject
Project("{2150E333-8FDC-42A3-9474-1A3956D46DE8}") = "Sounds", "Sounds", "{A35B8FBA-CFE2-42F2-BFD3-EC76DBB12B7A}"
	ProjectSection(SolutionItems) = preProject
		Resources\Sounds\Click.wav = Resources\Sounds\Click.wav
		Resources\Sounds\LeftClickDown.wav = Resources\Sounds\LeftClickDown.wav
		Resources\Sounds\LeftClickUp.wav = Resources\Sounds\LeftClickUp.wav
		Resources\Sounds\RightClickDown.wav = Resources\Sounds\RightClickDown.wav
		Resources\Sounds\RightClickUp.wav = Resources\Sounds\RightClickUp.wav
	EndProjectSection
EndProject
Project("{2150E333-8FDC-42A3-9474-1A3956D46DE8}") = "Help", "Help", "{ACCE0B4B-D38C-4FC0-9A74-40C82971953D}"
EndProject
Project("{2150E333-8FDC-42A3-9474-1A3956D46DE8}") = "1.0", "1.0", "{AAB296BA-1517-4A00-A79C-646687CF4502}"
	ProjectSection(SolutionItems) = preProject
		Resources\Help\1.0\Auto Mouse WIN.gui = Resources\Help\1.0\Auto Mouse WIN.gui
		Resources\Help\1.0\Auto Mouse.pdf = Resources\Help\1.0\Auto Mouse.pdf
		Resources\Help\1.0\Auto Mouse.rtf = Resources\Help\1.0\Auto Mouse.rtf
		Resources\Help\1.0\AutoMouse.chm = Resources\Help\1.0\AutoMouse.chm
		Resources\Help\1.0\HelpBanner.pdn = Resources\Help\1.0\HelpBanner.pdn
		Resources\Help\1.0\HelpBanner1_0.jpg = Resources\Help\1.0\HelpBanner1_0.jpg
		Resources\Help\1.0\Icon_128x128x32.png = Resources\Help\1.0\Icon_128x128x32.png
	EndProjectSection
EndProject
Project("{2150E333-8FDC-42A3-9474-1A3956D46DE8}") = "Solution Items", "Solution Items", "{B02DA97B-807D-45BF-A93A-6D3574852936}"
	ProjectSection(SolutionItems) = preProject
		AutoMouse WIN_Release_x86.obproj = AutoMouse WIN_Release_x86.obproj
	EndProjectSection
EndProject
Global
	GlobalSection(SolutionConfigurationPlatforms) = preSolution
		All|Any CPU = All|Any CPU
		All|ARM = All|ARM
		All|ARM64 = All|ARM64
		All|Mixed Platforms = All|Mixed Platforms
		All|x64 = All|x64
		All|x86 = All|x86
		Debug|Any CPU = Debug|Any CPU
		Debug|ARM = Debug|ARM
		Debug|ARM64 = Debug|ARM64
		Debug|Mixed Platforms = Debug|Mixed Platforms
		Debug|x64 = Debug|x64
		Debug|x86 = Debug|x86
		Release|Any CPU = Release|Any CPU
		Release|ARM = Release|ARM
		Release|ARM64 = Release|ARM64
		Release|Mixed Platforms = Release|Mixed Platforms
		Release|x64 = Release|x64
		Release|x86 = Release|x86
	EndGlobalSection
	GlobalSection(ProjectConfigurationPlatforms) = postSolution
		{D75836CD-0FD3-4547-8DCB-D493664867A4}.All|Any CPU.ActiveCfg = Release|x86
		{D75836CD-0FD3-4547-8DCB-D493664867A4}.All|ARM.ActiveCfg = Release|Any CPU
		{D75836CD-0FD3-4547-8DCB-D493664867A4}.All|ARM.Build.0 = Release|Any CPU
		{D75836CD-0FD3-4547-8DCB-D493664867A4}.All|ARM64.ActiveCfg = Release|Any CPU
		{D75836CD-0FD3-4547-8DCB-D493664867A4}.All|ARM64.Build.0 = Release|Any CPU
		{D75836CD-0FD3-4547-8DCB-D493664867A4}.All|Mixed Platforms.ActiveCfg = Release|x86
		{D75836CD-0FD3-4547-8DCB-D493664867A4}.All|Mixed Platforms.Build.0 = Release|x86
		{D75836CD-0FD3-4547-8DCB-D493664867A4}.All|x64.ActiveCfg = Release|Any CPU
		{D75836CD-0FD3-4547-8DCB-D493664867A4}.All|x64.Build.0 = Release|Any CPU
		{D75836CD-0FD3-4547-8DCB-D493664867A4}.All|x86.ActiveCfg = Release|x86
		{D75836CD-0FD3-4547-8DCB-D493664867A4}.All|x86.Build.0 = Release|x86
		{D75836CD-0FD3-4547-8DCB-D493664867A4}.Debug|Any CPU.ActiveCfg = Debug|Any CPU
		{D75836CD-0FD3-4547-8DCB-D493664867A4}.Debug|Any CPU.Build.0 = Debug|Any CPU
		{D75836CD-0FD3-4547-8DCB-D493664867A4}.Debug|ARM.ActiveCfg = Debug|Any CPU
		{D75836CD-0FD3-4547-8DCB-D493664867A4}.Debug|ARM.Build.0 = Debug|Any CPU
		{D75836CD-0FD3-4547-8DCB-D493664867A4}.Debug|ARM64.ActiveCfg = Debug|Any CPU
		{D75836CD-0FD3-4547-8DCB-D493664867A4}.Debug|ARM64.Build.0 = Debug|Any CPU
		{D75836CD-0FD3-4547-8DCB-D493664867A4}.Debug|Mixed Platforms.ActiveCfg = Debug|Any CPU
		{D75836CD-0FD3-4547-8DCB-D493664867A4}.Debug|Mixed Platforms.Build.0 = Debug|Any CPU
		{D75836CD-0FD3-4547-8DCB-D493664867A4}.Debug|x64.ActiveCfg = Debug|Any CPU
		{D75836CD-0FD3-4547-8DCB-D493664867A4}.Debug|x64.Build.0 = Debug|Any CPU
		{D75836CD-0FD3-4547-8DCB-D493664867A4}.Debug|x86.ActiveCfg = Debug|Any CPU
		{D75836CD-0FD3-4547-8DCB-D493664867A4}.Debug|x86.Build.0 = Debug|Any CPU
		{D75836CD-0FD3-4547-8DCB-D493664867A4}.Release|Any CPU.ActiveCfg = Release|Any CPU
		{D75836CD-0FD3-4547-8DCB-D493664867A4}.Release|Any CPU.Build.0 = Release|Any CPU
		{D75836CD-0FD3-4547-8DCB-D493664867A4}.Release|ARM.ActiveCfg = Release|Any CPU
		{D75836CD-0FD3-4547-8DCB-D493664867A4}.Release|ARM.Build.0 = Release|Any CPU
		{D75836CD-0FD3-4547-8DCB-D493664867A4}.Release|ARM64.ActiveCfg = Release|Any CPU
		{D75836CD-0FD3-4547-8DCB-D493664867A4}.Release|ARM64.Build.0 = Release|Any CPU
		{D75836CD-0FD3-4547-8DCB-D493664867A4}.Release|Mixed Platforms.ActiveCfg = Release|Any CPU
		{D75836CD-0FD3-4547-8DCB-D493664867A4}.Release|Mixed Platforms.Build.0 = Release|Any CPU
		{D75836CD-0FD3-4547-8DCB-D493664867A4}.Release|x64.ActiveCfg = Release|Any CPU
		{D75836CD-0FD3-4547-8DCB-D493664867A4}.Release|x64.Build.0 = Release|Any CPU
		{D75836CD-0FD3-4547-8DCB-D493664867A4}.Release|x86.ActiveCfg = Release|x86
		{D75836CD-0FD3-4547-8DCB-D493664867A4}.Release|x86.Build.0 = Release|x86
	EndGlobalSection
	GlobalSection(SolutionProperties) = preSolution
		HideSolutionNode = FALSE
	EndGlobalSection
	GlobalSection(NestedProjects) = preSolution
		{63DED3DA-C4A0-48B1-AE0D-9A7E930935F1} = {B02DA97B-807D-45BF-A93A-6D3574852936}
		{4CBA1370-5B2D-496F-BCCC-21A53374D0CD} = {63DED3DA-C4A0-48B1-AE0D-9A7E930935F1}
		{91327DFE-ED3A-4B21-B93A-0FD0F0FFE544} = {63DED3DA-C4A0-48B1-AE0D-9A7E930935F1}
		{A35B8FBA-CFE2-42F2-BFD3-EC76DBB12B7A} = {63DED3DA-C4A0-48B1-AE0D-9A7E930935F1}
		{ACCE0B4B-D38C-4FC0-9A74-40C82971953D} = {63DED3DA-C4A0-48B1-AE0D-9A7E930935F1}
		{AAB296BA-1517-4A00-A79C-646687CF4502} = {ACCE0B4B-D38C-4FC0-9A74-40C82971953D}
	EndGlobalSection
	GlobalSection(ExtensibilityGlobals) = postSolution
		SolutionGuid = {A24DCAEF-0E44-4816-9FC8-87EB1447FC38}
	EndGlobalSection
	GlobalSection(SubversionScc) = preSolution
		Svn-Managed = True
		Manager = AnkhSVN - Subversion Support for Visual Studio
	EndGlobalSection
EndGlobal
